
Microsoft Visual Studio Solution File, Format Version 12.00
# Visual Studio Version 16
VisualStudioVersion = 16.0.29519.181
MinimumVisualStudioVersion = 10.0.40219.1
Project("{FAE04EC0-301F-11D3-BF4B-00C04F79EFBC}") = "WebApplication1", "WebApplication1\WebApplication1.csproj", "{BA6C1D47-53A8-4511-97BF-68855A23C09C}"
EndProject
Global
	GlobalSection(SolutionConfigurationPlatforms) = preSolution
		Debug|Any CPU = Debug|Any CPU
		Release|Any CPU = Release|Any CPU
	EndGlobalSection
	GlobalSection(ProjectConfigurationPlatforms) = postSolution
		{BA6C1D47-53A8-4511-97BF-68855A23C09C}.Debug|Any CPU.ActiveCfg = Debug|Any CPU
		{BA6C1D47-53A8-4511-97BF-68855A23C09C}.Debug|Any CPU.Build.0 = Debug|Any CPU
		{BA6C1D47-53A8-4511-97BF-68855A23C09C}.Release|Any CPU.ActiveCfg = Release|Any CPU
		{BA6C1D47-53A8-4511-97BF-68855A23C09C}.Release|Any CPU.Build.0 = Release|Any CPU
	EndGlobalSection
	GlobalSection(SolutionProperties) = preSolution
		HideSolutionNode = FALSE
	EndGlobalSection
	GlobalSection(ExtensibilityGlobals) = postSolution
		SolutionGuid = {AD7EB3EF-C83D-4F07-BF06-4ECCE3971463}
	EndGlobalSection
EndGlobal
